# This file is automatically @generated by Cargo.
# It is not intended for manual editing.
version = 3

[[package]]
name = "capnp"
version = "0.14.8"
source = "registry+https://github.com/rust-lang/crates.io-index"
checksum = "82efa3b0ab5e7e32b786334b052560ec0094135f906975d7481651b9ecf31a6a"

[[package]]
name = "ipv8-proto-rust"
version = "0.1.0"
dependencies = [
 "capnp",
]
